// !$*UTF8*$!
{
	archiveVersion = 1;
	classes = {
	};
	objectVersion = 56;
	objects = {

/* Begin PBXBuildFile section */
		698F534229323FBC0007CA94 /* SwiftUIComponentsApp.swift in Sources */ = {isa = PBXBuildFile; fileRef = 698F534129323FBC0007CA94 /* SwiftUIComponentsApp.swift */; };
		698F534429323FBC0007CA94 /* ContentView.swift in Sources */ = {isa = PBXBuildFile; fileRef = 698F534329323FBC0007CA94 /* ContentView.swift */; };
		698F534629323FBD0007CA94 /* Assets.xcassets in Resources */ = {isa = PBXBuildFile; fileRef = 698F534529323FBD0007CA94 /* Assets.xcassets */; };
		698F534A29323FBD0007CA94 /* Preview Assets.xcassets in Resources */ = {isa = PBXBuildFile; fileRef = 698F534929323FBD0007CA94 /* Preview Assets.xcassets */; };
		698F5353293243D10007CA94 /* TextComponent.swift in Sources */ = {isa = PBXBuildFile; fileRef = 698F5352293243D10007CA94 /* TextComponent.swift */; };
		698F5357293246C50007CA94 /* ShapesComponent.swift in Sources */ = {isa = PBXBuildFile; fileRef = 698F5356293246C50007CA94 /* ShapesComponent.swift */; };
		698F535929324A480007CA94 /* Colors.swift in Sources */ = {isa = PBXBuildFile; fileRef = 698F535829324A480007CA94 /* Colors.swift */; };
		698F535B29324F350007CA94 /* Gradients.swift in Sources */ = {isa = PBXBuildFile; fileRef = 698F535A29324F350007CA94 /* Gradients.swift */; };
		698F535D2932532A0007CA94 /* Icons.swift in Sources */ = {isa = PBXBuildFile; fileRef = 698F535C2932532A0007CA94 /* Icons.swift */; };
		698F535F293255A10007CA94 /* Images.swift in Sources */ = {isa = PBXBuildFile; fileRef = 698F535E293255A10007CA94 /* Images.swift */; };
		698F53612933DF9E0007CA94 /* Frames.swift in Sources */ = {isa = PBXBuildFile; fileRef = 698F53602933DF9E0007CA94 /* Frames.swift */; };
		698F53632933E4F10007CA94 /* BackgroundsAndOverlays.swift in Sources */ = {isa = PBXBuildFile; fileRef = 698F53622933E4F10007CA94 /* BackgroundsAndOverlays.swift */; };
		698F53652933F0870007CA94 /* Stacks.swift in Sources */ = {isa = PBXBuildFile; fileRef = 698F53642933F0870007CA94 /* Stacks.swift */; };
		698F53672933FA160007CA94 /* Paddings.swift in Sources */ = {isa = PBXBuildFile; fileRef = 698F53662933FA160007CA94 /* Paddings.swift */; };
		698F5369293720A60007CA94 /* Spacers.swift in Sources */ = {isa = PBXBuildFile; fileRef = 698F5368293720A60007CA94 /* Spacers.swift */; };
		698F536B293725700007CA94 /* InitsAndEnums.swift in Sources */ = {isa = PBXBuildFile; fileRef = 698F536A293725700007CA94 /* InitsAndEnums.swift */; };
		698F536D29372B930007CA94 /* ForEachStatement.swift in Sources */ = {isa = PBXBuildFile; fileRef = 698F536C29372B930007CA94 /* ForEachStatement.swift */; };
		698F537129372E7F0007CA94 /* ScrollViews.swift in Sources */ = {isa = PBXBuildFile; fileRef = 698F537029372E7F0007CA94 /* ScrollViews.swift */; };
		698F5373293735710007CA94 /* Grids.swift in Sources */ = {isa = PBXBuildFile; fileRef = 698F5372293735710007CA94 /* Grids.swift */; };
		698F5375293870390007CA94 /* SafeAreas.swift in Sources */ = {isa = PBXBuildFile; fileRef = 698F5374293870390007CA94 /* SafeAreas.swift */; };
		698F5377293877FA0007CA94 /* Buttons.swift in Sources */ = {isa = PBXBuildFile; fileRef = 698F5376293877FA0007CA94 /* Buttons.swift */; };
/* End PBXBuildFile section */

/* Begin PBXFileReference section */
		698F533E29323FBC0007CA94 /* SwiftUIComponents.app */ = {isa = PBXFileReference; explicitFileType = wrapper.application; includeInIndex = 0; path = SwiftUIComponents.app; sourceTree = BUILT_PRODUCTS_DIR; };
		698F534129323FBC0007CA94 /* SwiftUIComponentsApp.swift */ = {isa = PBXFileReference; lastKnownFileType = sourcecode.swift; path = SwiftUIComponentsApp.swift; sourceTree = "<group>"; };
		698F534329323FBC0007CA94 /* ContentView.swift */ = {isa = PBXFileReference; lastKnownFileType = sourcecode.swift; path = ContentView.swift; sourceTree = "<group>"; };
		698F534529323FBD0007CA94 /* Assets.xcassets */ = {isa = PBXFileReference; lastKnownFileType = folder.assetcatalog; path = Assets.xcassets; sourceTree = "<group>"; };
		698F534729323FBD0007CA94 /* SwiftUIComponents.entitlements */ = {isa = PBXFileReference; lastKnownFileType = text.plist.entitlements; path = SwiftUIComponents.entitlements; sourceTree = "<group>"; };
		698F534929323FBD0007CA94 /* Preview Assets.xcassets */ = {isa = PBXFileReference; lastKnownFileType = folder.assetcatalog; path = "Preview Assets.xcassets"; sourceTree = "<group>"; };
		698F5352293243D10007CA94 /* TextComponent.swift */ = {isa = PBXFileReference; lastKnownFileType = sourcecode.swift; path = TextComponent.swift; sourceTree = "<group>"; };
		698F5356293246C50007CA94 /* ShapesComponent.swift */ = {isa = PBXFileReference; lastKnownFileType = sourcecode.swift; path = ShapesComponent.swift; sourceTree = "<group>"; };
		698F535829324A480007CA94 /* Colors.swift */ = {isa = PBXFileReference; lastKnownFileType = sourcecode.swift; path = Colors.swift; sourceTree = "<group>"; };
		698F535A29324F350007CA94 /* Gradients.swift */ = {isa = PBXFileReference; lastKnownFileType = sourcecode.swift; path = Gradients.swift; sourceTree = "<group>"; };
		698F535C2932532A0007CA94 /* Icons.swift */ = {isa = PBXFileReference; lastKnownFileType = sourcecode.swift; path = Icons.swift; sourceTree = "<group>"; };
		698F535E293255A10007CA94 /* Images.swift */ = {isa = PBXFileReference; lastKnownFileType = sourcecode.swift; path = Images.swift; sourceTree = "<group>"; };
		698F53602933DF9E0007CA94 /* Frames.swift */ = {isa = PBXFileReference; lastKnownFileType = sourcecode.swift; path = Frames.swift; sourceTree = "<group>"; };
		698F53622933E4F10007CA94 /* BackgroundsAndOverlays.swift */ = {isa = PBXFileReference; lastKnownFileType = sourcecode.swift; path = BackgroundsAndOverlays.swift; sourceTree = "<group>"; };
		698F53642933F0870007CA94 /* Stacks.swift */ = {isa = PBXFileReference; lastKnownFileType = sourcecode.swift; path = Stacks.swift; sourceTree = "<group>"; };
		698F53662933FA160007CA94 /* Paddings.swift */ = {isa = PBXFileReference; lastKnownFileType = sourcecode.swift; path = Paddings.swift; sourceTree = "<group>"; };
		698F5368293720A60007CA94 /* Spacers.swift */ = {isa = PBXFileReference; lastKnownFileType = sourcecode.swift; path = Spacers.swift; sourceTree = "<group>"; };
		698F536A293725700007CA94 /* InitsAndEnums.swift */ = {isa = PBXFileReference; lastKnownFileType = sourcecode.swift; path = InitsAndEnums.swift; sourceTree = "<group>"; };
		698F536C29372B930007CA94 /* ForEachStatement.swift */ = {isa = PBXFileReference; lastKnownFileType = sourcecode.swift; path = ForEachStatement.swift; sourceTree = "<group>"; };
		698F537029372E7F0007CA94 /* ScrollViews.swift */ = {isa = PBXFileReference; lastKnownFileType = sourcecode.swift; path = ScrollViews.swift; sourceTree = "<group>"; };
		698F5372293735710007CA94 /* Grids.swift */ = {isa = PBXFileReference; lastKnownFileType = sourcecode.swift; path = Grids.swift; sourceTree = "<group>"; };
		698F5374293870390007CA94 /* SafeAreas.swift */ = {isa = PBXFileReference; lastKnownFileType = sourcecode.swift; path = SafeAreas.swift; sourceTree = "<group>"; };
		698F5376293877FA0007CA94 /* Buttons.swift */ = {isa = PBXFileReference; lastKnownFileType = sourcecode.swift; path = Buttons.swift; sourceTree = "<group>"; };
/* End PBXFileReference section */

/* Begin PBXFrameworksBuildPhase section */
		698F533B29323FBC0007CA94 /* Frameworks */ = {
			isa = PBXFrameworksBuildPhase;
			buildActionMask = 2147483647;
			files = (
			);
			runOnlyForDeploymentPostprocessing = 0;
		};
/* End PBXFrameworksBuildPhase section */

/* Begin PBXGroup section */
		698F533529323FBC0007CA94 = {
			isa = PBXGroup;
			children = (
				698F534029323FBC0007CA94 /* SwiftUIComponents */,
				698F533F29323FBC0007CA94 /* Products */,
			);
			sourceTree = "<group>";
		};
		698F533F29323FBC0007CA94 /* Products */ = {
			isa = PBXGroup;
			children = (
				698F533E29323FBC0007CA94 /* SwiftUIComponents.app */,
			);
			name = Products;
			sourceTree = "<group>";
		};
		698F534029323FBC0007CA94 /* SwiftUIComponents */ = {
			isa = PBXGroup;
			children = (
				698F534129323FBC0007CA94 /* SwiftUIComponentsApp.swift */,
				698F534329323FBC0007CA94 /* ContentView.swift */,
				698F5352293243D10007CA94 /* TextComponent.swift */,
				698F5356293246C50007CA94 /* ShapesComponent.swift */,
				698F535829324A480007CA94 /* Colors.swift */,
				698F535A29324F350007CA94 /* Gradients.swift */,
				698F535C2932532A0007CA94 /* Icons.swift */,
				698F535E293255A10007CA94 /* Images.swift */,
				698F53602933DF9E0007CA94 /* Frames.swift */,
				698F53622933E4F10007CA94 /* BackgroundsAndOverlays.swift */,
				698F53642933F0870007CA94 /* Stacks.swift */,
				698F53662933FA160007CA94 /* Paddings.swift */,
				698F5368293720A60007CA94 /* Spacers.swift */,
				698F536A293725700007CA94 /* InitsAndEnums.swift */,
				698F536C29372B930007CA94 /* ForEachStatement.swift */,
				698F537029372E7F0007CA94 /* ScrollViews.swift */,
				698F5372293735710007CA94 /* Grids.swift */,
				698F5374293870390007CA94 /* SafeAreas.swift */,
				698F5376293877FA0007CA94 /* Buttons.swift */,
				698F534529323FBD0007CA94 /* Assets.xcassets */,
				698F534729323FBD0007CA94 /* SwiftUIComponents.entitlements */,
				698F534829323FBD0007CA94 /* Preview Content */,
			);
			path = SwiftUIComponents;
			sourceTree = "<group>";
		};
		698F534829323FBD0007CA94 /* Preview Content */ = {
			isa = PBXGroup;
			children = (
				698F534929323FBD0007CA94 /* Preview Assets.xcassets */,
			);
			path = "Preview Content";
			sourceTree = "<group>";
		};
/* End PBXGroup section */

/* Begin PBXNativeTarget section */
		698F533D29323FBC0007CA94 /* SwiftUIComponents */ = {
			isa = PBXNativeTarget;
			buildConfigurationList = 698F534D29323FBD0007CA94 /* Build configuration list for PBXNativeTarget "SwiftUIComponents" */;
			buildPhases = (
				698F533A29323FBC0007CA94 /* Sources */,
				698F533B29323FBC0007CA94 /* Frameworks */,
				698F533C29323FBC0007CA94 /* Resources */,
			);
			buildRules = (
			);
			dependencies = (
			);
			name = SwiftUIComponents;
			productName = SwiftUIComponents;
			productReference = 698F533E29323FBC0007CA94 /* SwiftUIComponents.app */;
			productType = "com.apple.product-type.application";
		};
/* End PBXNativeTarget section */

/* Begin PBXProject section */
		698F533629323FBC0007CA94 /* Project object */ = {
			isa = PBXProject;
			attributes = {
				BuildIndependentTargetsInParallel = 1;
				LastSwiftUpdateCheck = 1410;
				LastUpgradeCheck = 1410;
				TargetAttributes = {
					698F533D29323FBC0007CA94 = {
						CreatedOnToolsVersion = 14.1;
					};
				};
			};
			buildConfigurationList = 698F533929323FBC0007CA94 /* Build configuration list for PBXProject "SwiftUIComponents" */;
			compatibilityVersion = "Xcode 14.0";
			developmentRegion = en;
			hasScannedForEncodings = 0;
			knownRegions = (
				en,
				Base,
			);
			mainGroup = 698F533529323FBC0007CA94;
			productRefGroup = 698F533F29323FBC0007CA94 /* Products */;
			projectDirPath = "";
			projectRoot = "";
			targets = (
				698F533D29323FBC0007CA94 /* SwiftUIComponents */,
			);
		};
/* End PBXProject section */

/* Begin PBXResourcesBuildPhase section */
		698F533C29323FBC0007CA94 /* Resources */ = {
			isa = PBXResourcesBuildPhase;
			buildActionMask = 2147483647;
			files = (
				698F534A29323FBD0007CA94 /* Preview Assets.xcassets in Resources */,
				698F534629323FBD0007CA94 /* Assets.xcassets in Resources */,
			);
			runOnlyForDeploymentPostprocessing = 0;
		};
/* End PBXResourcesBuildPhase section */

/* Begin PBXSourcesBuildPhase section */
		698F533A29323FBC0007CA94 /* Sources */ = {
			isa = PBXSourcesBuildPhase;
			buildActionMask = 2147483647;
			files = (
				698F535D2932532A0007CA94 /* Icons.swift in Sources */,
				698F5373293735710007CA94 /* Grids.swift in Sources */,
				698F534429323FBC0007CA94 /* ContentView.swift in Sources */,
				698F53652933F0870007CA94 /* Stacks.swift in Sources */,
				698F53632933E4F10007CA94 /* BackgroundsAndOverlays.swift in Sources */,
				698F535929324A480007CA94 /* Colors.swift in Sources */,
				698F53672933FA160007CA94 /* Paddings.swift in Sources */,
				698F5375293870390007CA94 /* SafeAreas.swift in Sources */,
				698F5353293243D10007CA94 /* TextComponent.swift in Sources */,
				698F536D29372B930007CA94 /* ForEachStatement.swift in Sources */,
				698F534229323FBC0007CA94 /* SwiftUIComponentsApp.swift in Sources */,
				698F537129372E7F0007CA94 /* ScrollViews.swift in Sources */,
				698F536B293725700007CA94 /* InitsAndEnums.swift in Sources */,
				698F53612933DF9E0007CA94 /* Frames.swift in Sources */,
				698F535F293255A10007CA94 /* Images.swift in Sources */,
				698F5357293246C50007CA94 /* ShapesComponent.swift in Sources */,
				698F5377293877FA0007CA94 /* Buttons.swift in Sources */,
				698F535B29324F350007CA94 /* Gradients.swift in Sources */,
				698F5369293720A60007CA94 /* Spacers.swift in Sources */,
			);
			runOnlyForDeploymentPostprocessing = 0;
		};
/* End PBXSourcesBuildPhase section */

/* Begin XCBuildConfiguration section */
		698F534B29323FBD0007CA94 /* Debug */ = {
			isa = XCBuildConfiguration;
			buildSettings = {
				ALWAYS_SEARCH_USER_PATHS = NO;
				CLANG_ANALYZER_NONNULL = YES;
				CLANG_ANALYZER_NUMBER_OBJECT_CONVERSION = YES_AGGRESSIVE;
				CLANG_CXX_LANGUAGE_STANDARD = "gnu++20";
				CLANG_ENABLE_MODULES = YES;
				CLANG_ENABLE_OBJC_ARC = YES;
				CLANG_ENABLE_OBJC_WEAK = YES;
				CLANG_WARN_BLOCK_CAPTURE_AUTORELEASING = YES;
				CLANG_WARN_BOOL_CONVERSION = YES;
				CLANG_WARN_COMMA = YES;
				CLANG_WARN_CONSTANT_CONVERSION = YES;
				CLANG_WARN_DEPRECATED_OBJC_IMPLEMENTATIONS = YES;
				CLANG_WARN_DIRECT_OBJC_ISA_USAGE = YES_ERROR;
				CLANG_WARN_DOCUMENTATION_COMMENTS = YES;
				CLANG_WARN_EMPTY_BODY = YES;
				CLANG_WARN_ENUM_CONVERSION = YES;
				CLANG_WARN_INFINITE_RECURSION = YES;
				CLANG_WARN_INT_CONVERSION = YES;
				CLANG_WARN_NON_LITERAL_NULL_CONVERSION = YES;
				CLANG_WARN_OBJC_IMPLICIT_RETAIN_SELF = YES;
				CLANG_WARN_OBJC_LITERAL_CONVERSION = YES;
				CLANG_WARN_OBJC_ROOT_CLASS = YES_ERROR;
				CLANG_WARN_QUOTED_INCLUDE_IN_FRAMEWORK_HEADER = YES;
				CLANG_WARN_RANGE_LOOP_ANALYSIS = YES;
				CLANG_WARN_STRICT_PROTOTYPES = YES;
				CLANG_WARN_SUSPICIOUS_MOVE = YES;
				CLANG_WARN_UNGUARDED_AVAILABILITY = YES_AGGRESSIVE;
				CLANG_WARN_UNREACHABLE_CODE = YES;
				CLANG_WARN__DUPLICATE_METHOD_MATCH = YES;
				COPY_PHASE_STRIP = NO;
				DEBUG_INFORMATION_FORMAT = dwarf;
				ENABLE_STRICT_OBJC_MSGSEND = YES;
				ENABLE_TESTABILITY = YES;
				GCC_C_LANGUAGE_STANDARD = gnu11;
				GCC_DYNAMIC_NO_PIC = NO;
				GCC_NO_COMMON_BLOCKS = YES;
				GCC_OPTIMIZATION_LEVEL = 0;
				GCC_PREPROCESSOR_DEFINITIONS = (
					"DEBUG=1",
					"$(inherited)",
				);
				GCC_WARN_64_TO_32_BIT_CONVERSION = YES;
				GCC_WARN_ABOUT_RETURN_TYPE = YES_ERROR;
				GCC_WARN_UNDECLARED_SELECTOR = YES;
				GCC_WARN_UNINITIALIZED_AUTOS = YES_AGGRESSIVE;
				GCC_WARN_UNUSED_FUNCTION = YES;
				GCC_WARN_UNUSED_VARIABLE = YES;
				MTL_ENABLE_DEBUG_INFO = INCLUDE_SOURCE;
				MTL_FAST_MATH = YES;
				ONLY_ACTIVE_ARCH = YES;
				SWIFT_ACTIVE_COMPILATION_CONDITIONS = DEBUG;
				SWIFT_OPTIMIZATION_LEVEL = "-Onone";
			};
			name = Debug;
		};
		698F534C29323FBD0007CA94 /* Release */ = {
			isa = XCBuildConfiguration;
			buildSettings = {
				ALWAYS_SEARCH_USER_PATHS = NO;
				CLANG_ANALYZER_NONNULL = YES;
				CLANG_ANALYZER_NUMBER_OBJECT_CONVERSION = YES_AGGRESSIVE;
				CLANG_CXX_LANGUAGE_STANDARD = "gnu++20";
				CLANG_ENABLE_MODULES = YES;
				CLANG_ENABLE_OBJC_ARC = YES;
				CLANG_ENABLE_OBJC_WEAK = YES;
				CLANG_WARN_BLOCK_CAPTURE_AUTORELEASING = YES;
				CLANG_WARN_BOOL_CONVERSION = YES;
				CLANG_WARN_COMMA = YES;
				CLANG_WARN_CONSTANT_CONVERSION = YES;
				CLANG_WARN_DEPRECATED_OBJC_IMPLEMENTATIONS = YES;
				CLANG_WARN_DIRECT_OBJC_ISA_USAGE = YES_ERROR;
				CLANG_WARN_DOCUMENTATION_COMMENTS = YES;
				CLANG_WARN_EMPTY_BODY = YES;
				CLANG_WARN_ENUM_CONVERSION = YES;
				CLANG_WARN_INFINITE_RECURSION = YES;
				CLANG_WARN_INT_CONVERSION = YES;
				CLANG_WARN_NON_LITERAL_NULL_CONVERSION = YES;
				CLANG_WARN_OBJC_IMPLICIT_RETAIN_SELF = YES;
				CLANG_WARN_OBJC_LITERAL_CONVERSION = YES;
				CLANG_WARN_OBJC_ROOT_CLASS = YES_ERROR;
				CLANG_WARN_QUOTED_INCLUDE_IN_FRAMEWORK_HEADER = YES;
				CLANG_WARN_RANGE_LOOP_ANALYSIS = YES;
				CLANG_WARN_STRICT_PROTOTYPES = YES;
				CLANG_WARN_SUSPICIOUS_MOVE = YES;
				CLANG_WARN_UNGUARDED_AVAILABILITY = YES_AGGRESSIVE;
				CLANG_WARN_UNREACHABLE_CODE = YES;
				CLANG_WARN__DUPLICATE_METHOD_MATCH = YES;
				COPY_PHASE_STRIP = NO;
				DEBUG_INFORMATION_FORMAT = "dwarf-with-dsym";
				ENABLE_NS_ASSERTIONS = NO;
				ENABLE_STRICT_OBJC_MSGSEND = YES;
				GCC_C_LANGUAGE_STANDARD = gnu11;
				GCC_NO_COMMON_BLOCKS = YES;
				GCC_WARN_64_TO_32_BIT_CONVERSION = YES;
				GCC_WARN_ABOUT_RETURN_TYPE = YES_ERROR;
				GCC_WARN_UNDECLARED_SELECTOR = YES;
				GCC_WARN_UNINITIALIZED_AUTOS = YES_AGGRESSIVE;
				GCC_WARN_UNUSED_FUNCTION = YES;
				GCC_WARN_UNUSED_VARIABLE = YES;
				MTL_ENABLE_DEBUG_INFO = NO;
				MTL_FAST_MATH = YES;
				SWIFT_COMPILATION_MODE = wholemodule;
				SWIFT_OPTIMIZATION_LEVEL = "-O";
			};
			name = Release;
		};
		698F534E29323FBD0007CA94 /* Debug */ = {
			isa = XCBuildConfiguration;
			buildSettings = {
				ASSETCATALOG_COMPILER_APPICON_NAME = AppIcon;
				ASSETCATALOG_COMPILER_GLOBAL_ACCENT_COLOR_NAME = AccentColor;
				CODE_SIGN_ENTITLEMENTS = SwiftUIComponents/SwiftUIComponents.entitlements;
				CODE_SIGN_STYLE = Automatic;
				CURRENT_PROJECT_VERSION = 1;
				DEVELOPMENT_ASSET_PATHS = "\"SwiftUIComponents/Preview Content\"";
				ENABLE_PREVIEWS = YES;
				GENERATE_INFOPLIST_FILE = YES;
				"INFOPLIST_KEY_UIApplicationSceneManifest_Generation[sdk=iphoneos*]" = YES;
				"INFOPLIST_KEY_UIApplicationSceneManifest_Generation[sdk=iphonesimulator*]" = YES;
				"INFOPLIST_KEY_UIApplicationSupportsIndirectInputEvents[sdk=iphoneos*]" = YES;
				"INFOPLIST_KEY_UIApplicationSupportsIndirectInputEvents[sdk=iphonesimulator*]" = YES;
				"INFOPLIST_KEY_UILaunchScreen_Generation[sdk=iphoneos*]" = YES;
				"INFOPLIST_KEY_UILaunchScreen_Generation[sdk=iphonesimulator*]" = YES;
				"INFOPLIST_KEY_UIStatusBarStyle[sdk=iphoneos*]" = UIStatusBarStyleDefault;
				"INFOPLIST_KEY_UIStatusBarStyle[sdk=iphonesimulator*]" = UIStatusBarStyleDefault;
				INFOPLIST_KEY_UISupportedInterfaceOrientations_iPad = "UIInterfaceOrientationPortrait UIInterfaceOrientationPortraitUpsideDown UIInterfaceOrientationLandscapeLeft UIInterfaceOrientationLandscapeRight";
				INFOPLIST_KEY_UISupportedInterfaceOrientations_iPhone = "UIInterfaceOrientationPortrait UIInterfaceOrientationLandscapeLeft UIInterfaceOrientationLandscapeRight";
				IPHONEOS_DEPLOYMENT_TARGET = 16.1;
				LD_RUNPATH_SEARCH_PATHS = "@executable_path/Frameworks";
				"LD_RUNPATH_SEARCH_PATHS[sdk=macosx*]" = "@executable_path/../Frameworks";
				MACOSX_DEPLOYMENT_TARGET = 13.0;
				MARKETING_VERSION = 1.0;
				PRODUCT_BUNDLE_IDENTIFIER = com.manish.SwiftUIComponents;
				PRODUCT_NAME = "$(TARGET_NAME)";
				SDKROOT = auto;
				SUPPORTED_PLATFORMS = "iphoneos iphonesimulator macosx";
				SWIFT_EMIT_LOC_STRINGS = YES;
				SWIFT_VERSION = 5.0;
				TARGETED_DEVICE_FAMILY = "1,2";
			};
			name = Debug;
		};
		698F534F29323FBD0007CA94 /* Release */ = {
			isa = XCBuildConfiguration;
			buildSettings = {
				ASSETCATALOG_COMPILER_APPICON_NAME = AppIcon;
				ASSETCATALOG_COMPILER_GLOBAL_ACCENT_COLOR_NAME = AccentColor;
				CODE_SIGN_ENTITLEMENTS = SwiftUIComponents/SwiftUIComponents.entitlements;
				CODE_SIGN_STYLE = Automatic;
				CURRENT_PROJECT_VERSION = 1;
				DEVELOPMENT_ASSET_PATHS = "\"SwiftUIComponents/Preview Content\"";
				ENABLE_PREVIEWS = YES;
				GENERATE_INFOPLIST_FILE = YES;
				"INFOPLIST_KEY_UIApplicationSceneManifest_Generation[sdk=iphoneos*]" = YES;
				"INFOPLIST_KEY_UIApplicationSceneManifest_Generation[sdk=iphonesimulator*]" = YES;
				"INFOPLIST_KEY_UIApplicationSupportsIndirectInputEvents[sdk=iphoneos*]" = YES;
				"INFOPLIST_KEY_UIApplicationSupportsIndirectInputEvents[sdk=iphonesimulator*]" = YES;
				"INFOPLIST_KEY_UILaunchScreen_Generation[sdk=iphoneos*]" = YES;
				"INFOPLIST_KEY_UILaunchScreen_Generation[sdk=iphonesimulator*]" = YES;
				"INFOPLIST_KEY_UIStatusBarStyle[sdk=iphoneos*]" = UIStatusBarStyleDefault;
				"INFOPLIST_KEY_UIStatusBarStyle[sdk=iphonesimulator*]" = UIStatusBarStyleDefault;
				INFOPLIST_KEY_UISupportedInterfaceOrientations_iPad = "UIInterfaceOrientationPortrait UIInterfaceOrientationPortraitUpsideDown UIInterfaceOrientationLandscapeLeft UIInterfaceOrientationLandscapeRight";
				INFOPLIST_KEY_UISupportedInterfaceOrientations_iPhone = "UIInterfaceOrientationPortrait UIInterfaceOrientationLandscapeLeft UIInterfaceOrientationLandscapeRight";
				IPHONEOS_DEPLOYMENT_TARGET = 16.1;
				LD_RUNPATH_SEARCH_PATHS = "@executable_path/Frameworks";
				"LD_RUNPATH_SEARCH_PATHS[sdk=macosx*]" = "@executable_path/../Frameworks";
				MACOSX_DEPLOYMENT_TARGET = 13.0;
				MARKETING_VERSION = 1.0;
				PRODUCT_BUNDLE_IDENTIFIER = com.manish.SwiftUIComponents;
				PRODUCT_NAME = "$(TARGET_NAME)";
				SDKROOT = auto;
				SUPPORTED_PLATFORMS = "iphoneos iphonesimulator macosx";
				SWIFT_EMIT_LOC_STRINGS = YES;
				SWIFT_VERSION = 5.0;
				TARGETED_DEVICE_FAMILY = "1,2";
			};
			name = Release;
		};
/* End XCBuildConfiguration section */

/* Begin XCConfigurationList section */
		698F533929323FBC0007CA94 /* Build configuration list for PBXProject "SwiftUIComponents" */ = {
			isa = XCConfigurationList;
			buildConfigurations = (
				698F534B29323FBD0007CA94 /* Debug */,
				698F534C29323FBD0007CA94 /* Release */,
			);
			defaultConfigurationIsVisible = 0;
			defaultConfigurationName = Release;
		};
		698F534D29323FBD0007CA94 /* Build configuration list for PBXNativeTarget "SwiftUIComponents" */ = {
			isa = XCConfigurationList;
			buildConfigurations = (
				698F534E29323FBD0007CA94 /* Debug */,
				698F534F29323FBD0007CA94 /* Release */,
			);
			defaultConfigurationIsVisible = 0;
			defaultConfigurationName = Release;
		};
/* End XCConfigurationList section */
	};
	rootObject = 698F533629323FBC0007CA94 /* Project object */;
}
